
Microsoft Visual Studio Solution File, Format Version 12.00
# Visual Studio Version 17
VisualStudioVersion = 17.2.32526.322
MinimumVisualStudioVersion = 10.0.40219.1
Project("{FAE04EC0-301F-11D3-BF4B-00C04F79EFBC}") = "RestWithASPNETUdemy", "RestWithASPNETUdemy\RestWithASPNETUdemy.csproj", "{CABA1B93-FFCA-4104-A3AF-CF8C6B6A1A4A}"
EndProject
Global
	GlobalSection(SolutionConfigurationPlatforms) = preSolution
		Debug|Any CPU = Debug|Any CPU
		Release|Any CPU = Release|Any CPU
	EndGlobalSection
	GlobalSection(ProjectConfigurationPlatforms) = postSolution
		{CABA1B93-FFCA-4104-A3AF-CF8C6B6A1A4A}.Debug|Any CPU.ActiveCfg = Debug|Any CPU
		{CABA1B93-FFCA-4104-A3AF-CF8C6B6A1A4A}.Debug|Any CPU.Build.0 = Debug|Any CPU
		{CABA1B93-FFCA-4104-A3AF-CF8C6B6A1A4A}.Release|Any CPU.ActiveCfg = Release|Any CPU
		{CABA1B93-FFCA-4104-A3AF-CF8C6B6A1A4A}.Release|Any CPU.Build.0 = Release|Any CPU
	EndGlobalSection
	GlobalSection(SolutionProperties) = preSolution
		HideSolutionNode = FALSE
	EndGlobalSection
	GlobalSection(ExtensibilityGlobals) = postSolution
		SolutionGuid = {88B56870-E8AC-4F0B-9DE7-49E3EF7EF303}
	EndGlobalSection
EndGlobal
